
Microsoft Visual Studio Solution File, Format Version 12.00
# Visual Studio Version 17
VisualStudioVersion = 17.3.32901.215
MinimumVisualStudioVersion = 10.0.40219.1
Project("{FAE04EC0-301F-11D3-BF4B-00C04F79EFBC}") = "Homework5Project", "Homework5Project\Homework5Project.csproj", "{459ECA0C-5B17-4842-8926-9ADDE68E03CE}"
EndProject
Global
	GlobalSection(SolutionConfigurationPlatforms) = preSolution
		Debug|Any CPU = Debug|Any CPU
		Release|Any CPU = Release|Any CPU
	EndGlobalSection
	GlobalSection(ProjectConfigurationPlatforms) = postSolution
		{459ECA0C-5B17-4842-8926-9ADDE68E03CE}.Debug|Any CPU.ActiveCfg = Debug|Any CPU
		{459ECA0C-5B17-4842-8926-9ADDE68E03CE}.Debug|Any CPU.Build.0 = Debug|Any CPU
		{459ECA0C-5B17-4842-8926-9ADDE68E03CE}.Release|Any CPU.ActiveCfg = Release|Any CPU
		{459ECA0C-5B17-4842-8926-9ADDE68E03CE}.Release|Any CPU.Build.0 = Release|Any CPU
	EndGlobalSection
	GlobalSection(SolutionProperties) = preSolution
		HideSolutionNode = FALSE
	EndGlobalSection
	GlobalSection(ExtensibilityGlobals) = postSolution
		SolutionGuid = {019FBB01-E271-4120-95B6-9C0F3BB5C56C}
	EndGlobalSection
EndGlobal
